
Microsoft Visual Studio Solution File, Format Version 12.00
# Visual Studio Version 17
VisualStudioVersion = 17.9.34728.123
MinimumVisualStudioVersion = 10.0.40219.1
Project("{9A19103F-16F7-4668-BE54-9A1E7A4F7556}") = "App", "HocViec\App.csproj", "{817FE09E-0A24-4F16-B7EA-F10651A4DBCC}"
EndProject
Project("{9A19103F-16F7-4668-BE54-9A1E7A4F7556}") = "Core", "Core\Core.csproj", "{EF0D3BF3-2D39-4900-B0B8-09BD4DA0CFAC}"
EndProject
Project("{9A19103F-16F7-4668-BE54-9A1E7A4F7556}") = "Infrastructure", "Infrastructure\Infrastructure.csproj", "{2DBA92A1-C922-4FFA-9674-8D246B61C8A6}"
EndProject
Project("{2150E333-8FDC-42A3-9474-1A3956D46DE8}") = "Solution Items", "Solution Items", "{B550C1CF-5C9E-4412-8D66-5795CEF108BE}"
	ProjectSection(SolutionItems) = preProject
		Yêu cầu.txt = Yêu cầu.txt
	EndProjectSection
EndProject
Global
	GlobalSection(SolutionConfigurationPlatforms) = preSolution
		Debug|Any CPU = Debug|Any CPU
		Release|Any CPU = Release|Any CPU
	EndGlobalSection
	GlobalSection(ProjectConfigurationPlatforms) = postSolution
		{817FE09E-0A24-4F16-B7EA-F10651A4DBCC}.Debug|Any CPU.ActiveCfg = Debug|Any CPU
		{817FE09E-0A24-4F16-B7EA-F10651A4DBCC}.Debug|Any CPU.Build.0 = Debug|Any CPU
		{817FE09E-0A24-4F16-B7EA-F10651A4DBCC}.Release|Any CPU.ActiveCfg = Release|Any CPU
		{817FE09E-0A24-4F16-B7EA-F10651A4DBCC}.Release|Any CPU.Build.0 = Release|Any CPU
		{EF0D3BF3-2D39-4900-B0B8-09BD4DA0CFAC}.Debug|Any CPU.ActiveCfg = Debug|Any CPU
		{EF0D3BF3-2D39-4900-B0B8-09BD4DA0CFAC}.Debug|Any CPU.Build.0 = Debug|Any CPU
		{EF0D3BF3-2D39-4900-B0B8-09BD4DA0CFAC}.Release|Any CPU.ActiveCfg = Release|Any CPU
		{EF0D3BF3-2D39-4900-B0B8-09BD4DA0CFAC}.Release|Any CPU.Build.0 = Release|Any CPU
		{2DBA92A1-C922-4FFA-9674-8D246B61C8A6}.Debug|Any CPU.ActiveCfg = Debug|Any CPU
		{2DBA92A1-C922-4FFA-9674-8D246B61C8A6}.Debug|Any CPU.Build.0 = Debug|Any CPU
		{2DBA92A1-C922-4FFA-9674-8D246B61C8A6}.Release|Any CPU.ActiveCfg = Release|Any CPU
		{2DBA92A1-C922-4FFA-9674-8D246B61C8A6}.Release|Any CPU.Build.0 = Release|Any CPU
	EndGlobalSection
	GlobalSection(SolutionProperties) = preSolution
		HideSolutionNode = FALSE
	EndGlobalSection
	GlobalSection(ExtensibilityGlobals) = postSolution
		SolutionGuid = {C8D61380-CC68-4FA7-8653-DEBA05E62336}
	EndGlobalSection
EndGlobal
